{
  "name": "pmv-ads-2023-2-e4-proj-dad-t3-fidelpoints",
  "lockfileVersion": 3,
  "requires": true,
  "packages": {
    "": {
      "dependencies": {
        "react-native-simple-stepper": "^4.1.0"
      }
    },
    "node_modules/react-native-simple-stepper": {
      "version": "4.1.0",
      "resolved": "https://registry.npmjs.org/react-native-simple-stepper/-/react-native-simple-stepper-4.1.0.tgz",
      "integrity": "sha512-1WadP9M47YhGaK/WsMsTtxJvysp5ntuiyCW4jPgcK9L+f8gsugAyj3XzrcV5b8oBx4TrstyHnVc0GQgf+blRNA=="
    }
  }
}
